
Microsoft Visual Studio Solution File, Format Version 12.00
# Visual Studio Version 17
VisualStudioVersion = 17.1.32210.238
MinimumVisualStudioVersion = 10.0.40219.1
Project("{FAE04EC0-301F-11D3-BF4B-00C04F79EFBC}") = "ImplicitOperatorCSharp", "ImplicitOperatorCSharp\ImplicitOperatorCSharp.csproj", "{80B6392D-B719-4829-938D-ACE6D7E73A06}"
EndProject
Global
	GlobalSection(SolutionConfigurationPlatforms) = preSolution
		Debug|Any CPU = Debug|Any CPU
		Release|Any CPU = Release|Any CPU
	EndGlobalSection
	GlobalSection(ProjectConfigurationPlatforms) = postSolution
		{80B6392D-B719-4829-938D-ACE6D7E73A06}.Debug|Any CPU.ActiveCfg = Debug|Any CPU
		{80B6392D-B719-4829-938D-ACE6D7E73A06}.Debug|Any CPU.Build.0 = Debug|Any CPU
		{80B6392D-B719-4829-938D-ACE6D7E73A06}.Release|Any CPU.ActiveCfg = Release|Any CPU
		{80B6392D-B719-4829-938D-ACE6D7E73A06}.Release|Any CPU.Build.0 = Release|Any CPU
	EndGlobalSection
	GlobalSection(SolutionProperties) = preSolution
		HideSolutionNode = FALSE
	EndGlobalSection
	GlobalSection(ExtensibilityGlobals) = postSolution
		SolutionGuid = {4CB94ECE-558F-4175-B7B7-7D88ED901A91}
	EndGlobalSection
EndGlobal
